
Microsoft Visual Studio Solution File, Format Version 12.00
# Visual Studio 15
VisualStudioVersion = 15.0.27130.2027
MinimumVisualStudioVersion = 10.0.40219.1
Project("{FAE04EC0-301F-11D3-BF4B-00C04F79EFBC}") = "Ascend2018", "Ascend2018\Ascend2018.csproj", "{DD906619-14A3-4B31-AB75-88DB35D8ED63}"
EndProject
Global
	GlobalSection(SolutionConfigurationPlatforms) = preSolution
		Debug|Any CPU = Debug|Any CPU
		Release|Any CPU = Release|Any CPU
	EndGlobalSection
	GlobalSection(ProjectConfigurationPlatforms) = postSolution
		{DD906619-14A3-4B31-AB75-88DB35D8ED63}.Debug|Any CPU.ActiveCfg = Debug|Any CPU
		{DD906619-14A3-4B31-AB75-88DB35D8ED63}.Debug|Any CPU.Build.0 = Debug|Any CPU
		{DD906619-14A3-4B31-AB75-88DB35D8ED63}.Release|Any CPU.ActiveCfg = Release|Any CPU
		{DD906619-14A3-4B31-AB75-88DB35D8ED63}.Release|Any CPU.Build.0 = Release|Any CPU
	EndGlobalSection
	GlobalSection(SolutionProperties) = preSolution
		HideSolutionNode = FALSE
	EndGlobalSection
	GlobalSection(ExtensibilityGlobals) = postSolution
		SolutionGuid = {5D406B66-9D90-4848-93A0-20F17181C1FE}
	EndGlobalSection
EndGlobal
