
Microsoft Visual Studio Solution File, Format Version 12.00
# Visual Studio 15
VisualStudioVersion = 15.0.26403.3
MinimumVisualStudioVersion = 10.0.40219.1
Project("{FAE04EC0-301F-11D3-BF4B-00C04F79EFBC}") = "EPiServerContentApi.App.Android", "EPiServerContentApi.App\EPiServerContentApi.Android\EPiServerContentApi.Android.csproj", "{B5D8CCCB-26EF-4F45-B8EC-B4C135846D0D}"
EndProject
Project("{FAE04EC0-301F-11D3-BF4B-00C04F79EFBC}") = "EPiServerContentApi.App", "EPiServerContentApi.App\EPiServerContentApi.App\EPiServerContentApi.App.csproj", "{C2C7A611-46A6-47FD-B530-9AC6FC43BF4E}"
EndProject
Project("{FAE04EC0-301F-11D3-BF4B-00C04F79EFBC}") = "EPiServerContentApi.iOS", "EPiServerContentApi.App\EPiServerContentApi.iOS\EPiServerContentApi.iOS.csproj", "{4D01CFB4-DA28-4DBB-B753-77A867855B22}"
EndProject
Global
	GlobalSection(SolutionConfigurationPlatforms) = preSolution
		Ad-Hoc|Any CPU = Ad-Hoc|Any CPU
		Ad-Hoc|iPhone = Ad-Hoc|iPhone
		Ad-Hoc|iPhoneSimulator = Ad-Hoc|iPhoneSimulator
		AppStore|Any CPU = AppStore|Any CPU
		AppStore|iPhone = AppStore|iPhone
		AppStore|iPhoneSimulator = AppStore|iPhoneSimulator
		Debug|Any CPU = Debug|Any CPU
		Debug|iPhone = Debug|iPhone
		Debug|iPhoneSimulator = Debug|iPhoneSimulator
		Release|Any CPU = Release|Any CPU
		Release|iPhone = Release|iPhone
		Release|iPhoneSimulator = Release|iPhoneSimulator
	EndGlobalSection
	GlobalSection(ProjectConfigurationPlatforms) = postSolution
		{B5D8CCCB-26EF-4F45-B8EC-B4C135846D0D}.Ad-Hoc|Any CPU.ActiveCfg = Release|Any CPU
		{B5D8CCCB-26EF-4F45-B8EC-B4C135846D0D}.Ad-Hoc|Any CPU.Build.0 = Release|Any CPU
		{B5D8CCCB-26EF-4F45-B8EC-B4C135846D0D}.Ad-Hoc|Any CPU.Deploy.0 = Release|Any CPU
		{B5D8CCCB-26EF-4F45-B8EC-B4C135846D0D}.Ad-Hoc|iPhone.ActiveCfg = Release|Any CPU
		{B5D8CCCB-26EF-4F45-B8EC-B4C135846D0D}.Ad-Hoc|iPhone.Build.0 = Release|Any CPU
		{B5D8CCCB-26EF-4F45-B8EC-B4C135846D0D}.Ad-Hoc|iPhone.Deploy.0 = Release|Any CPU
		{B5D8CCCB-26EF-4F45-B8EC-B4C135846D0D}.Ad-Hoc|iPhoneSimulator.ActiveCfg = Release|Any CPU
		{B5D8CCCB-26EF-4F45-B8EC-B4C135846D0D}.Ad-Hoc|iPhoneSimulator.Build.0 = Release|Any CPU
		{B5D8CCCB-26EF-4F45-B8EC-B4C135846D0D}.Ad-Hoc|iPhoneSimulator.Deploy.0 = Release|Any CPU
		{B5D8CCCB-26EF-4F45-B8EC-B4C135846D0D}.AppStore|Any CPU.ActiveCfg = Release|Any CPU
		{B5D8CCCB-26EF-4F45-B8EC-B4C135846D0D}.AppStore|Any CPU.Build.0 = Release|Any CPU
		{B5D8CCCB-26EF-4F45-B8EC-B4C135846D0D}.AppStore|Any CPU.Deploy.0 = Release|Any CPU
		{B5D8CCCB-26EF-4F45-B8EC-B4C135846D0D}.AppStore|iPhone.ActiveCfg = Release|Any CPU
		{B5D8CCCB-26EF-4F45-B8EC-B4C135846D0D}.AppStore|iPhone.Build.0 = Release|Any CPU
		{B5D8CCCB-26EF-4F45-B8EC-B4C135846D0D}.AppStore|iPhone.Deploy.0 = Release|Any CPU
		{B5D8CCCB-26EF-4F45-B8EC-B4C135846D0D}.AppStore|iPhoneSimulator.ActiveCfg = Release|Any CPU
		{B5D8CCCB-26EF-4F45-B8EC-B4C135846D0D}.AppStore|iPhoneSimulator.Build.0 = Release|Any CPU
		{B5D8CCCB-26EF-4F45-B8EC-B4C135846D0D}.AppStore|iPhoneSimulator.Deploy.0 = Release|Any CPU
		{B5D8CCCB-26EF-4F45-B8EC-B4C135846D0D}.Debug|Any CPU.ActiveCfg = Debug|Any CPU
		{B5D8CCCB-26EF-4F45-B8EC-B4C135846D0D}.Debug|Any CPU.Build.0 = Debug|Any CPU
		{B5D8CCCB-26EF-4F45-B8EC-B4C135846D0D}.Debug|Any CPU.Deploy.0 = Debug|Any CPU
		{B5D8CCCB-26EF-4F45-B8EC-B4C135846D0D}.Debug|iPhone.ActiveCfg = Debug|Any CPU
		{B5D8CCCB-26EF-4F45-B8EC-B4C135846D0D}.Debug|iPhone.Build.0 = Debug|Any CPU
		{B5D8CCCB-26EF-4F45-B8EC-B4C135846D0D}.Debug|iPhone.Deploy.0 = Debug|Any CPU
		{B5D8CCCB-26EF-4F45-B8EC-B4C135846D0D}.Debug|iPhoneSimulator.ActiveCfg = Debug|Any CPU
		{B5D8CCCB-26EF-4F45-B8EC-B4C135846D0D}.Debug|iPhoneSimulator.Build.0 = Debug|Any CPU
		{B5D8CCCB-26EF-4F45-B8EC-B4C135846D0D}.Debug|iPhoneSimulator.Deploy.0 = Debug|Any CPU
		{B5D8CCCB-26EF-4F45-B8EC-B4C135846D0D}.Release|Any CPU.ActiveCfg = Release|Any CPU
		{B5D8CCCB-26EF-4F45-B8EC-B4C135846D0D}.Release|Any CPU.Build.0 = Release|Any CPU
		{B5D8CCCB-26EF-4F45-B8EC-B4C135846D0D}.Release|Any CPU.Deploy.0 = Release|Any CPU
		{B5D8CCCB-26EF-4F45-B8EC-B4C135846D0D}.Release|iPhone.ActiveCfg = Release|Any CPU
		{B5D8CCCB-26EF-4F45-B8EC-B4C135846D0D}.Release|iPhone.Build.0 = Release|Any CPU
		{B5D8CCCB-26EF-4F45-B8EC-B4C135846D0D}.Release|iPhone.Deploy.0 = Release|Any CPU
		{B5D8CCCB-26EF-4F45-B8EC-B4C135846D0D}.Release|iPhoneSimulator.ActiveCfg = Release|Any CPU
		{B5D8CCCB-26EF-4F45-B8EC-B4C135846D0D}.Release|iPhoneSimulator.Build.0 = Release|Any CPU
		{B5D8CCCB-26EF-4F45-B8EC-B4C135846D0D}.Release|iPhoneSimulator.Deploy.0 = Release|Any CPU
		{C2C7A611-46A6-47FD-B530-9AC6FC43BF4E}.Ad-Hoc|Any CPU.ActiveCfg = Release|Any CPU
		{C2C7A611-46A6-47FD-B530-9AC6FC43BF4E}.Ad-Hoc|Any CPU.Build.0 = Release|Any CPU
		{C2C7A611-46A6-47FD-B530-9AC6FC43BF4E}.Ad-Hoc|iPhone.ActiveCfg = Release|Any CPU
		{C2C7A611-46A6-47FD-B530-9AC6FC43BF4E}.Ad-Hoc|iPhone.Build.0 = Release|Any CPU
		{C2C7A611-46A6-47FD-B530-9AC6FC43BF4E}.Ad-Hoc|iPhoneSimulator.ActiveCfg = Release|Any CPU
		{C2C7A611-46A6-47FD-B530-9AC6FC43BF4E}.Ad-Hoc|iPhoneSimulator.Build.0 = Release|Any CPU
		{C2C7A611-46A6-47FD-B530-9AC6FC43BF4E}.AppStore|Any CPU.ActiveCfg = Release|Any CPU
		{C2C7A611-46A6-47FD-B530-9AC6FC43BF4E}.AppStore|Any CPU.Build.0 = Release|Any CPU
		{C2C7A611-46A6-47FD-B530-9AC6FC43BF4E}.AppStore|iPhone.ActiveCfg = Release|Any CPU
		{C2C7A611-46A6-47FD-B530-9AC6FC43BF4E}.AppStore|iPhone.Build.0 = Release|Any CPU
		{C2C7A611-46A6-47FD-B530-9AC6FC43BF4E}.AppStore|iPhoneSimulator.ActiveCfg = Release|Any CPU
		{C2C7A611-46A6-47FD-B530-9AC6FC43BF4E}.AppStore|iPhoneSimulator.Build.0 = Release|Any CPU
		{C2C7A611-46A6-47FD-B530-9AC6FC43BF4E}.Debug|Any CPU.ActiveCfg = Debug|Any CPU
		{C2C7A611-46A6-47FD-B530-9AC6FC43BF4E}.Debug|Any CPU.Build.0 = Debug|Any CPU
		{C2C7A611-46A6-47FD-B530-9AC6FC43BF4E}.Debug|iPhone.ActiveCfg = Debug|Any CPU
		{C2C7A611-46A6-47FD-B530-9AC6FC43BF4E}.Debug|iPhone.Build.0 = Debug|Any CPU
		{C2C7A611-46A6-47FD-B530-9AC6FC43BF4E}.Debug|iPhoneSimulator.ActiveCfg = Debug|Any CPU
		{C2C7A611-46A6-47FD-B530-9AC6FC43BF4E}.Debug|iPhoneSimulator.Build.0 = Debug|Any CPU
		{C2C7A611-46A6-47FD-B530-9AC6FC43BF4E}.Release|Any CPU.ActiveCfg = Release|Any CPU
		{C2C7A611-46A6-47FD-B530-9AC6FC43BF4E}.Release|Any CPU.Build.0 = Release|Any CPU
		{C2C7A611-46A6-47FD-B530-9AC6FC43BF4E}.Release|iPhone.ActiveCfg = Release|Any CPU
		{C2C7A611-46A6-47FD-B530-9AC6FC43BF4E}.Release|iPhone.Build.0 = Release|Any CPU
		{C2C7A611-46A6-47FD-B530-9AC6FC43BF4E}.Release|iPhoneSimulator.ActiveCfg = Release|Any CPU
		{C2C7A611-46A6-47FD-B530-9AC6FC43BF4E}.Release|iPhoneSimulator.Build.0 = Release|Any CPU
		{4D01CFB4-DA28-4DBB-B753-77A867855B22}.Ad-Hoc|Any CPU.ActiveCfg = Ad-Hoc|iPhone
		{4D01CFB4-DA28-4DBB-B753-77A867855B22}.Ad-Hoc|iPhone.ActiveCfg = Ad-Hoc|iPhone
		{4D01CFB4-DA28-4DBB-B753-77A867855B22}.Ad-Hoc|iPhone.Build.0 = Ad-Hoc|iPhone
		{4D01CFB4-DA28-4DBB-B753-77A867855B22}.Ad-Hoc|iPhoneSimulator.ActiveCfg = Ad-Hoc|iPhoneSimulator
		{4D01CFB4-DA28-4DBB-B753-77A867855B22}.Ad-Hoc|iPhoneSimulator.Build.0 = Ad-Hoc|iPhoneSimulator
		{4D01CFB4-DA28-4DBB-B753-77A867855B22}.AppStore|Any CPU.ActiveCfg = AppStore|iPhone
		{4D01CFB4-DA28-4DBB-B753-77A867855B22}.AppStore|iPhone.ActiveCfg = AppStore|iPhone
		{4D01CFB4-DA28-4DBB-B753-77A867855B22}.AppStore|iPhone.Build.0 = AppStore|iPhone
		{4D01CFB4-DA28-4DBB-B753-77A867855B22}.AppStore|iPhoneSimulator.ActiveCfg = AppStore|iPhoneSimulator
		{4D01CFB4-DA28-4DBB-B753-77A867855B22}.AppStore|iPhoneSimulator.Build.0 = AppStore|iPhoneSimulator
		{4D01CFB4-DA28-4DBB-B753-77A867855B22}.Debug|Any CPU.ActiveCfg = Debug|iPhone
		{4D01CFB4-DA28-4DBB-B753-77A867855B22}.Debug|iPhone.ActiveCfg = Debug|iPhone
		{4D01CFB4-DA28-4DBB-B753-77A867855B22}.Debug|iPhone.Build.0 = Debug|iPhone
		{4D01CFB4-DA28-4DBB-B753-77A867855B22}.Debug|iPhoneSimulator.ActiveCfg = Debug|iPhoneSimulator
		{4D01CFB4-DA28-4DBB-B753-77A867855B22}.Debug|iPhoneSimulator.Build.0 = Debug|iPhoneSimulator
		{4D01CFB4-DA28-4DBB-B753-77A867855B22}.Release|Any CPU.ActiveCfg = Release|iPhone
		{4D01CFB4-DA28-4DBB-B753-77A867855B22}.Release|iPhone.ActiveCfg = Release|iPhone
		{4D01CFB4-DA28-4DBB-B753-77A867855B22}.Release|iPhone.Build.0 = Release|iPhone
		{4D01CFB4-DA28-4DBB-B753-77A867855B22}.Release|iPhoneSimulator.ActiveCfg = Release|iPhoneSimulator
		{4D01CFB4-DA28-4DBB-B753-77A867855B22}.Release|iPhoneSimulator.Build.0 = Release|iPhoneSimulator
	EndGlobalSection
	GlobalSection(SolutionProperties) = preSolution
		HideSolutionNode = FALSE
	EndGlobalSection
EndGlobal
